// !$*UTF8*$!
{
	archiveVersion = 1;
	classes = {
	};
	objectVersion = 55;
	objects = {

/* Begin PBXBuildFile section */
		1E5615D928903E72006C141D /* PhotoSearchService.swift in Sources */ = {isa = PBXBuildFile; fileRef = 1E5615D828903E72006C141D /* PhotoSearchService.swift */; };
		1EA7302E288EABE8009F2809 /* PictureMyWalkApp.swift in Sources */ = {isa = PBXBuildFile; fileRef = 1EA7302D288EABE8009F2809 /* PictureMyWalkApp.swift */; };
		1EA73030288EABE8009F2809 /* ContentView.swift in Sources */ = {isa = PBXBuildFile; fileRef = 1EA7302F288EABE8009F2809 /* ContentView.swift */; };
		1EA73032288EABE8009F2809 /* Assets.xcassets in Resources */ = {isa = PBXBuildFile; fileRef = 1EA73031288EABE8009F2809 /* Assets.xcassets */; };
		1EA7303F288EABE9009F2809 /* PictureMyWalkTests.swift in Sources */ = {isa = PBXBuildFile; fileRef = 1EA7303E288EABE9009F2809 /* PictureMyWalkTests.swift */; };
		1EA73049288EABE9009F2809 /* PictureMyWalkUITests.swift in Sources */ = {isa = PBXBuildFile; fileRef = 1EA73048288EABE9009F2809 /* PictureMyWalkUITests.swift */; };
		1EA7304B288EABE9009F2809 /* PictureMyWalkUITestsLaunchTests.swift in Sources */ = {isa = PBXBuildFile; fileRef = 1EA7304A288EABE9009F2809 /* PictureMyWalkUITestsLaunchTests.swift */; };
		1EA73058288EAF16009F2809 /* StartView.swift in Sources */ = {isa = PBXBuildFile; fileRef = 1EA73057288EAF16009F2809 /* StartView.swift */; };
		1EA7305A288EB1AA009F2809 /* ImageStreamView.swift in Sources */ = {isa = PBXBuildFile; fileRef = 1EA73059288EB1AA009F2809 /* ImageStreamView.swift */; };
		1EA7305C288EB1ED009F2809 /* ImageStreamViewModel.swift in Sources */ = {isa = PBXBuildFile; fileRef = 1EA7305B288EB1ED009F2809 /* ImageStreamViewModel.swift */; };
		1EA7305F289023CB009F2809 /* Photo.swift in Sources */ = {isa = PBXBuildFile; fileRef = 1EA7305E289023CB009F2809 /* Photo.swift */; };
		1EA730612890353A009F2809 /* NetworkLayer.swift in Sources */ = {isa = PBXBuildFile; fileRef = 1EA730602890353A009F2809 /* NetworkLayer.swift */; };
		1EC54F412893365500A0AB1B /* Endpoint.swift in Sources */ = {isa = PBXBuildFile; fileRef = 1EC54F402893365500A0AB1B /* Endpoint.swift */; };
		1EC54F432893367500A0AB1B /* PhotoSearchEndpoint.swift in Sources */ = {isa = PBXBuildFile; fileRef = 1EC54F422893367500A0AB1B /* PhotoSearchEndpoint.swift */; };
		1EEC74272892CA5F00A59A25 /* Preview Assets.xcassets in Resources */ = {isa = PBXBuildFile; fileRef = 1EEC74262892CA5F00A59A25 /* Preview Assets.xcassets */; };
		1EEC74292892DA2700A59A25 /* NetworkError.swift in Sources */ = {isa = PBXBuildFile; fileRef = 1EEC74282892DA2700A59A25 /* NetworkError.swift */; };
/* End PBXBuildFile section */

/* Begin PBXContainerItemProxy section */
		1EA7303B288EABE9009F2809 /* PBXContainerItemProxy */ = {
			isa = PBXContainerItemProxy;
			containerPortal = 1EA73022288EABE8009F2809 /* Project object */;
			proxyType = 1;
			remoteGlobalIDString = 1EA73029288EABE8009F2809;
			remoteInfo = PictureMyWalk;
		};
		1EA73045288EABE9009F2809 /* PBXContainerItemProxy */ = {
			isa = PBXContainerItemProxy;
			containerPortal = 1EA73022288EABE8009F2809 /* Project object */;
			proxyType = 1;
			remoteGlobalIDString = 1EA73029288EABE8009F2809;
			remoteInfo = PictureMyWalk;
		};
/* End PBXContainerItemProxy section */

/* Begin PBXFileReference section */
		1E5615D828903E72006C141D /* PhotoSearchService.swift */ = {isa = PBXFileReference; lastKnownFileType = sourcecode.swift; path = PhotoSearchService.swift; sourceTree = "<group>"; };
		1EA7302A288EABE8009F2809 /* PictureMyWalk.app */ = {isa = PBXFileReference; explicitFileType = wrapper.application; includeInIndex = 0; path = PictureMyWalk.app; sourceTree = BUILT_PRODUCTS_DIR; };
		1EA7302D288EABE8009F2809 /* PictureMyWalkApp.swift */ = {isa = PBXFileReference; lastKnownFileType = sourcecode.swift; path = PictureMyWalkApp.swift; sourceTree = "<group>"; };
		1EA7302F288EABE8009F2809 /* ContentView.swift */ = {isa = PBXFileReference; lastKnownFileType = sourcecode.swift; path = ContentView.swift; sourceTree = "<group>"; };
		1EA73031288EABE8009F2809 /* Assets.xcassets */ = {isa = PBXFileReference; lastKnownFileType = folder.assetcatalog; path = Assets.xcassets; sourceTree = "<group>"; };
		1EA7303A288EABE9009F2809 /* PictureMyWalkTests.xctest */ = {isa = PBXFileReference; explicitFileType = wrapper.cfbundle; includeInIndex = 0; path = PictureMyWalkTests.xctest; sourceTree = BUILT_PRODUCTS_DIR; };
		1EA7303E288EABE9009F2809 /* PictureMyWalkTests.swift */ = {isa = PBXFileReference; lastKnownFileType = sourcecode.swift; path = PictureMyWalkTests.swift; sourceTree = "<group>"; };
		1EA73044288EABE9009F2809 /* PictureMyWalkUITests.xctest */ = {isa = PBXFileReference; explicitFileType = wrapper.cfbundle; includeInIndex = 0; path = PictureMyWalkUITests.xctest; sourceTree = BUILT_PRODUCTS_DIR; };
		1EA73048288EABE9009F2809 /* PictureMyWalkUITests.swift */ = {isa = PBXFileReference; lastKnownFileType = sourcecode.swift; path = PictureMyWalkUITests.swift; sourceTree = "<group>"; };
		1EA7304A288EABE9009F2809 /* PictureMyWalkUITestsLaunchTests.swift */ = {isa = PBXFileReference; lastKnownFileType = sourcecode.swift; path = PictureMyWalkUITestsLaunchTests.swift; sourceTree = "<group>"; };
		1EA73057288EAF16009F2809 /* StartView.swift */ = {isa = PBXFileReference; lastKnownFileType = sourcecode.swift; path = StartView.swift; sourceTree = "<group>"; };
		1EA73059288EB1AA009F2809 /* ImageStreamView.swift */ = {isa = PBXFileReference; lastKnownFileType = sourcecode.swift; path = ImageStreamView.swift; sourceTree = "<group>"; };
		1EA7305B288EB1ED009F2809 /* ImageStreamViewModel.swift */ = {isa = PBXFileReference; lastKnownFileType = sourcecode.swift; path = ImageStreamViewModel.swift; sourceTree = "<group>"; };
		1EA7305E289023CB009F2809 /* Photo.swift */ = {isa = PBXFileReference; lastKnownFileType = sourcecode.swift; path = Photo.swift; sourceTree = "<group>"; };
		1EA730602890353A009F2809 /* NetworkLayer.swift */ = {isa = PBXFileReference; lastKnownFileType = sourcecode.swift; path = NetworkLayer.swift; sourceTree = "<group>"; };
		1EC54F402893365500A0AB1B /* Endpoint.swift */ = {isa = PBXFileReference; lastKnownFileType = sourcecode.swift; path = Endpoint.swift; sourceTree = "<group>"; };
		1EC54F422893367500A0AB1B /* PhotoSearchEndpoint.swift */ = {isa = PBXFileReference; lastKnownFileType = sourcecode.swift; path = PhotoSearchEndpoint.swift; sourceTree = "<group>"; };
		1EC54F4428933AEA00A0AB1B /* Info.plist */ = {isa = PBXFileReference; lastKnownFileType = text.plist; path = Info.plist; sourceTree = "<group>"; };
		1EEC74262892CA5F00A59A25 /* Preview Assets.xcassets */ = {isa = PBXFileReference; lastKnownFileType = folder.assetcatalog; name = "Preview Assets.xcassets"; path = "../../../../Desktop/Preview Assets.xcassets"; sourceTree = "<group>"; };
		1EEC74282892DA2700A59A25 /* NetworkError.swift */ = {isa = PBXFileReference; lastKnownFileType = sourcecode.swift; path = NetworkError.swift; sourceTree = "<group>"; };
/* End PBXFileReference section */

/* Begin PBXFrameworksBuildPhase section */
		1EA73027288EABE8009F2809 /* Frameworks */ = {
			isa = PBXFrameworksBuildPhase;
			buildActionMask = 2147483647;
			files = (
			);
			runOnlyForDeploymentPostprocessing = 0;
		};
		1EA73037288EABE9009F2809 /* Frameworks */ = {
			isa = PBXFrameworksBuildPhase;
			buildActionMask = 2147483647;
			files = (
			);
			runOnlyForDeploymentPostprocessing = 0;
		};
		1EA73041288EABE9009F2809 /* Frameworks */ = {
			isa = PBXFrameworksBuildPhase;
			buildActionMask = 2147483647;
			files = (
			);
			runOnlyForDeploymentPostprocessing = 0;
		};
/* End PBXFrameworksBuildPhase section */

/* Begin PBXGroup section */
		1EA73021288EABE8009F2809 = {
			isa = PBXGroup;
			children = (
				1EA7302C288EABE8009F2809 /* PictureMyWalk */,
				1EA7303D288EABE9009F2809 /* PictureMyWalkTests */,
				1EA73047288EABE9009F2809 /* PictureMyWalkUITests */,
				1EA7302B288EABE8009F2809 /* Products */,
			);
			sourceTree = "<group>";
		};
		1EA7302B288EABE8009F2809 /* Products */ = {
			isa = PBXGroup;
			children = (
				1EA7302A288EABE8009F2809 /* PictureMyWalk.app */,
				1EA7303A288EABE9009F2809 /* PictureMyWalkTests.xctest */,
				1EA73044288EABE9009F2809 /* PictureMyWalkUITests.xctest */,
			);
			name = Products;
			sourceTree = "<group>";
		};
		1EA7302C288EABE8009F2809 /* PictureMyWalk */ = {
			isa = PBXGroup;
			children = (
				1EC54F4428933AEA00A0AB1B /* Info.plist */,
				1EA7302D288EABE8009F2809 /* PictureMyWalkApp.swift */,
				1EA7305D289023A3009F2809 /* Models */,
				1EEC742A2892DA4400A59A25 /* Networking */,
				1EC54F3F289335EF00A0AB1B /* Services */,
				1EEC742C2892DC5100A59A25 /* ViewModels */,
				1EEC742B2892DABB00A59A25 /* Views */,
				1EA73031288EABE8009F2809 /* Assets.xcassets */,
				1EEC74262892CA5F00A59A25 /* Preview Assets.xcassets */,
			);
			path = PictureMyWalk;
			sourceTree = "<group>";
		};
		1EA7303D288EABE9009F2809 /* PictureMyWalkTests */ = {
			isa = PBXGroup;
			children = (
				1EA7303E288EABE9009F2809 /* PictureMyWalkTests.swift */,
			);
			path = PictureMyWalkTests;
			sourceTree = "<group>";
		};
		1EA73047288EABE9009F2809 /* PictureMyWalkUITests */ = {
			isa = PBXGroup;
			children = (
				1EA73048288EABE9009F2809 /* PictureMyWalkUITests.swift */,
				1EA7304A288EABE9009F2809 /* PictureMyWalkUITestsLaunchTests.swift */,
			);
			path = PictureMyWalkUITests;
			sourceTree = "<group>";
		};
		1EA7305D289023A3009F2809 /* Models */ = {
			isa = PBXGroup;
			children = (
				1EA7305E289023CB009F2809 /* Photo.swift */,
			);
			path = Models;
			sourceTree = "<group>";
		};
		1EC54F3F289335EF00A0AB1B /* Services */ = {
			isa = PBXGroup;
			children = (
				1E5615D828903E72006C141D /* PhotoSearchService.swift */,
				1EC54F422893367500A0AB1B /* PhotoSearchEndpoint.swift */,
			);
			path = Services;
			sourceTree = "<group>";
		};
		1EEC742A2892DA4400A59A25 /* Networking */ = {
			isa = PBXGroup;
			children = (
				1EA730602890353A009F2809 /* NetworkLayer.swift */,
				1EC54F402893365500A0AB1B /* Endpoint.swift */,
				1EEC74282892DA2700A59A25 /* NetworkError.swift */,
			);
			path = Networking;
			sourceTree = "<group>";
		};
		1EEC742B2892DABB00A59A25 /* Views */ = {
			isa = PBXGroup;
			children = (
				1EA7302F288EABE8009F2809 /* ContentView.swift */,
				1EA73059288EB1AA009F2809 /* ImageStreamView.swift */,
				1EA73057288EAF16009F2809 /* StartView.swift */,
			);
			path = Views;
			sourceTree = "<group>";
		};
		1EEC742C2892DC5100A59A25 /* ViewModels */ = {
			isa = PBXGroup;
			children = (
				1EA7305B288EB1ED009F2809 /* ImageStreamViewModel.swift */,
			);
			path = ViewModels;
			sourceTree = "<group>";
		};
/* End PBXGroup section */

/* Begin PBXNativeTarget section */
		1EA73029288EABE8009F2809 /* PictureMyWalk */ = {
			isa = PBXNativeTarget;
			buildConfigurationList = 1EA7304E288EABE9009F2809 /* Build configuration list for PBXNativeTarget "PictureMyWalk" */;
			buildPhases = (
				1EA73026288EABE8009F2809 /* Sources */,
				1EA73027288EABE8009F2809 /* Frameworks */,
				1EA73028288EABE8009F2809 /* Resources */,
			);
			buildRules = (
			);
			dependencies = (
			);
			name = PictureMyWalk;
			productName = PictureMyWalk;
			productReference = 1EA7302A288EABE8009F2809 /* PictureMyWalk.app */;
			productType = "com.apple.product-type.application";
		};
		1EA73039288EABE9009F2809 /* PictureMyWalkTests */ = {
			isa = PBXNativeTarget;
			buildConfigurationList = 1EA73051288EABE9009F2809 /* Build configuration list for PBXNativeTarget "PictureMyWalkTests" */;
			buildPhases = (
				1EA73036288EABE9009F2809 /* Sources */,
				1EA73037288EABE9009F2809 /* Frameworks */,
				1EA73038288EABE9009F2809 /* Resources */,
			);
			buildRules = (
			);
			dependencies = (
				1EA7303C288EABE9009F2809 /* PBXTargetDependency */,
			);
			name = PictureMyWalkTests;
			productName = PictureMyWalkTests;
			productReference = 1EA7303A288EABE9009F2809 /* PictureMyWalkTests.xctest */;
			productType = "com.apple.product-type.bundle.unit-test";
		};
		1EA73043288EABE9009F2809 /* PictureMyWalkUITests */ = {
			isa = PBXNativeTarget;
			buildConfigurationList = 1EA73054288EABE9009F2809 /* Build configuration list for PBXNativeTarget "PictureMyWalkUITests" */;
			buildPhases = (
				1EA73040288EABE9009F2809 /* Sources */,
				1EA73041288EABE9009F2809 /* Frameworks */,
				1EA73042288EABE9009F2809 /* Resources */,
			);
			buildRules = (
			);
			dependencies = (
				1EA73046288EABE9009F2809 /* PBXTargetDependency */,
			);
			name = PictureMyWalkUITests;
			productName = PictureMyWalkUITests;
			productReference = 1EA73044288EABE9009F2809 /* PictureMyWalkUITests.xctest */;
			productType = "com.apple.product-type.bundle.ui-testing";
		};
/* End PBXNativeTarget section */

/* Begin PBXProject section */
		1EA73022288EABE8009F2809 /* Project object */ = {
			isa = PBXProject;
			attributes = {
				BuildIndependentTargetsInParallel = 1;
				LastSwiftUpdateCheck = 1340;
				LastUpgradeCheck = 1340;
				TargetAttributes = {
					1EA73029288EABE8009F2809 = {
						CreatedOnToolsVersion = 13.4.1;
					};
					1EA73039288EABE9009F2809 = {
						CreatedOnToolsVersion = 13.4.1;
						TestTargetID = 1EA73029288EABE8009F2809;
					};
					1EA73043288EABE9009F2809 = {
						CreatedOnToolsVersion = 13.4.1;
						TestTargetID = 1EA73029288EABE8009F2809;
					};
				};
			};
			buildConfigurationList = 1EA73025288EABE8009F2809 /* Build configuration list for PBXProject "PictureMyWalk" */;
			compatibilityVersion = "Xcode 13.0";
			developmentRegion = en;
			hasScannedForEncodings = 0;
			knownRegions = (
				en,
				Base,
			);
			mainGroup = 1EA73021288EABE8009F2809;
			productRefGroup = 1EA7302B288EABE8009F2809 /* Products */;
			projectDirPath = "";
			projectRoot = "";
			targets = (
				1EA73029288EABE8009F2809 /* PictureMyWalk */,
				1EA73039288EABE9009F2809 /* PictureMyWalkTests */,
				1EA73043288EABE9009F2809 /* PictureMyWalkUITests */,
			);
		};
/* End PBXProject section */

/* Begin PBXResourcesBuildPhase section */
		1EA73028288EABE8009F2809 /* Resources */ = {
			isa = PBXResourcesBuildPhase;
			buildActionMask = 2147483647;
			files = (
				1EEC74272892CA5F00A59A25 /* Preview Assets.xcassets in Resources */,
				1EA73032288EABE8009F2809 /* Assets.xcassets in Resources */,
			);
			runOnlyForDeploymentPostprocessing = 0;
		};
		1EA73038288EABE9009F2809 /* Resources */ = {
			isa = PBXResourcesBuildPhase;
			buildActionMask = 2147483647;
			files = (
			);
			runOnlyForDeploymentPostprocessing = 0;
		};
		1EA73042288EABE9009F2809 /* Resources */ = {
			isa = PBXResourcesBuildPhase;
			buildActionMask = 2147483647;
			files = (
			);
			runOnlyForDeploymentPostprocessing = 0;
		};
/* End PBXResourcesBuildPhase section */

/* Begin PBXSourcesBuildPhase section */
		1EA73026288EABE8009F2809 /* Sources */ = {
			isa = PBXSourcesBuildPhase;
			buildActionMask = 2147483647;
			files = (
				1EA7305F289023CB009F2809 /* Photo.swift in Sources */,
				1EA73058288EAF16009F2809 /* StartView.swift in Sources */,
				1EA7305C288EB1ED009F2809 /* ImageStreamViewModel.swift in Sources */,
				1EA730612890353A009F2809 /* NetworkLayer.swift in Sources */,
				1EC54F412893365500A0AB1B /* Endpoint.swift in Sources */,
				1E5615D928903E72006C141D /* PhotoSearchService.swift in Sources */,
				1EA73030288EABE8009F2809 /* ContentView.swift in Sources */,
				1EC54F432893367500A0AB1B /* PhotoSearchEndpoint.swift in Sources */,
				1EEC74292892DA2700A59A25 /* NetworkError.swift in Sources */,
				1EA7305A288EB1AA009F2809 /* ImageStreamView.swift in Sources */,
				1EA7302E288EABE8009F2809 /* PictureMyWalkApp.swift in Sources */,
			);
			runOnlyForDeploymentPostprocessing = 0;
		};
		1EA73036288EABE9009F2809 /* Sources */ = {
			isa = PBXSourcesBuildPhase;
			buildActionMask = 2147483647;
			files = (
				1EA7303F288EABE9009F2809 /* PictureMyWalkTests.swift in Sources */,
			);
			runOnlyForDeploymentPostprocessing = 0;
		};
		1EA73040288EABE9009F2809 /* Sources */ = {
			isa = PBXSourcesBuildPhase;
			buildActionMask = 2147483647;
			files = (
				1EA7304B288EABE9009F2809 /* PictureMyWalkUITestsLaunchTests.swift in Sources */,
				1EA73049288EABE9009F2809 /* PictureMyWalkUITests.swift in Sources */,
			);
			runOnlyForDeploymentPostprocessing = 0;
		};
/* End PBXSourcesBuildPhase section */

/* Begin PBXTargetDependency section */
		1EA7303C288EABE9009F2809 /* PBXTargetDependency */ = {
			isa = PBXTargetDependency;
			target = 1EA73029288EABE8009F2809 /* PictureMyWalk */;
			targetProxy = 1EA7303B288EABE9009F2809 /* PBXContainerItemProxy */;
		};
		1EA73046288EABE9009F2809 /* PBXTargetDependency */ = {
			isa = PBXTargetDependency;
			target = 1EA73029288EABE8009F2809 /* PictureMyWalk */;
			targetProxy = 1EA73045288EABE9009F2809 /* PBXContainerItemProxy */;
		};
/* End PBXTargetDependency section */

/* Begin XCBuildConfiguration section */
		1EA7304C288EABE9009F2809 /* Debug */ = {
			isa = XCBuildConfiguration;
			buildSettings = {
				ALWAYS_SEARCH_USER_PATHS = NO;
				CLANG_ANALYZER_NONNULL = YES;
				CLANG_ANALYZER_NUMBER_OBJECT_CONVERSION = YES_AGGRESSIVE;
				CLANG_CXX_LANGUAGE_STANDARD = "gnu++17";
				CLANG_ENABLE_MODULES = YES;
				CLANG_ENABLE_OBJC_ARC = YES;
				CLANG_ENABLE_OBJC_WEAK = YES;
				CLANG_WARN_BLOCK_CAPTURE_AUTORELEASING = YES;
				CLANG_WARN_BOOL_CONVERSION = YES;
				CLANG_WARN_COMMA = YES;
				CLANG_WARN_CONSTANT_CONVERSION = YES;
				CLANG_WARN_DEPRECATED_OBJC_IMPLEMENTATIONS = YES;
				CLANG_WARN_DIRECT_OBJC_ISA_USAGE = YES_ERROR;
				CLANG_WARN_DOCUMENTATION_COMMENTS = YES;
				CLANG_WARN_EMPTY_BODY = YES;
				CLANG_WARN_ENUM_CONVERSION = YES;
				CLANG_WARN_INFINITE_RECURSION = YES;
				CLANG_WARN_INT_CONVERSION = YES;
				CLANG_WARN_NON_LITERAL_NULL_CONVERSION = YES;
				CLANG_WARN_OBJC_IMPLICIT_RETAIN_SELF = YES;
				CLANG_WARN_OBJC_LITERAL_CONVERSION = YES;
				CLANG_WARN_OBJC_ROOT_CLASS = YES_ERROR;
				CLANG_WARN_QUOTED_INCLUDE_IN_FRAMEWORK_HEADER = YES;
				CLANG_WARN_RANGE_LOOP_ANALYSIS = YES;
				CLANG_WARN_STRICT_PROTOTYPES = YES;
				CLANG_WARN_SUSPICIOUS_MOVE = YES;
				CLANG_WARN_UNGUARDED_AVAILABILITY = YES_AGGRESSIVE;
				CLANG_WARN_UNREACHABLE_CODE = YES;
				CLANG_WARN__DUPLICATE_METHOD_MATCH = YES;
				COPY_PHASE_STRIP = NO;
				DEBUG_INFORMATION_FORMAT = dwarf;
				ENABLE_STRICT_OBJC_MSGSEND = YES;
				ENABLE_TESTABILITY = YES;
				GCC_C_LANGUAGE_STANDARD = gnu11;
				GCC_DYNAMIC_NO_PIC = NO;
				GCC_NO_COMMON_BLOCKS = YES;
				GCC_OPTIMIZATION_LEVEL = 0;
				GCC_PREPROCESSOR_DEFINITIONS = (
					"DEBUG=1",
					"$(inherited)",
				);
				GCC_WARN_64_TO_32_BIT_CONVERSION = YES;
				GCC_WARN_ABOUT_RETURN_TYPE = YES_ERROR;
				GCC_WARN_UNDECLARED_SELECTOR = YES;
				GCC_WARN_UNINITIALIZED_AUTOS = YES_AGGRESSIVE;
				GCC_WARN_UNUSED_FUNCTION = YES;
				GCC_WARN_UNUSED_VARIABLE = YES;
				IPHONEOS_DEPLOYMENT_TARGET = 15.5;
				MTL_ENABLE_DEBUG_INFO = INCLUDE_SOURCE;
				MTL_FAST_MATH = YES;
				ONLY_ACTIVE_ARCH = YES;
				SDKROOT = iphoneos;
				SWIFT_ACTIVE_COMPILATION_CONDITIONS = DEBUG;
				SWIFT_OPTIMIZATION_LEVEL = "-Onone";
			};
			name = Debug;
		};
		1EA7304D288EABE9009F2809 /* Release */ = {
			isa = XCBuildConfiguration;
			buildSettings = {
				ALWAYS_SEARCH_USER_PATHS = NO;
				CLANG_ANALYZER_NONNULL = YES;
				CLANG_ANALYZER_NUMBER_OBJECT_CONVERSION = YES_AGGRESSIVE;
				CLANG_CXX_LANGUAGE_STANDARD = "gnu++17";
				CLANG_ENABLE_MODULES = YES;
				CLANG_ENABLE_OBJC_ARC = YES;
				CLANG_ENABLE_OBJC_WEAK = YES;
				CLANG_WARN_BLOCK_CAPTURE_AUTORELEASING = YES;
				CLANG_WARN_BOOL_CONVERSION = YES;
				CLANG_WARN_COMMA = YES;
				CLANG_WARN_CONSTANT_CONVERSION = YES;
				CLANG_WARN_DEPRECATED_OBJC_IMPLEMENTATIONS = YES;
				CLANG_WARN_DIRECT_OBJC_ISA_USAGE = YES_ERROR;
				CLANG_WARN_DOCUMENTATION_COMMENTS = YES;
				CLANG_WARN_EMPTY_BODY = YES;
				CLANG_WARN_ENUM_CONVERSION = YES;
				CLANG_WARN_INFINITE_RECURSION = YES;
				CLANG_WARN_INT_CONVERSION = YES;
				CLANG_WARN_NON_LITERAL_NULL_CONVERSION = YES;
				CLANG_WARN_OBJC_IMPLICIT_RETAIN_SELF = YES;
				CLANG_WARN_OBJC_LITERAL_CONVERSION = YES;
				CLANG_WARN_OBJC_ROOT_CLASS = YES_ERROR;
				CLANG_WARN_QUOTED_INCLUDE_IN_FRAMEWORK_HEADER = YES;
				CLANG_WARN_RANGE_LOOP_ANALYSIS = YES;
				CLANG_WARN_STRICT_PROTOTYPES = YES;
				CLANG_WARN_SUSPICIOUS_MOVE = YES;
				CLANG_WARN_UNGUARDED_AVAILABILITY = YES_AGGRESSIVE;
				CLANG_WARN_UNREACHABLE_CODE = YES;
				CLANG_WARN__DUPLICATE_METHOD_MATCH = YES;
				COPY_PHASE_STRIP = NO;
				DEBUG_INFORMATION_FORMAT = "dwarf-with-dsym";
				ENABLE_NS_ASSERTIONS = NO;
				ENABLE_STRICT_OBJC_MSGSEND = YES;
				GCC_C_LANGUAGE_STANDARD = gnu11;
				GCC_NO_COMMON_BLOCKS = YES;
				GCC_WARN_64_TO_32_BIT_CONVERSION = YES;
				GCC_WARN_ABOUT_RETURN_TYPE = YES_ERROR;
				GCC_WARN_UNDECLARED_SELECTOR = YES;
				GCC_WARN_UNINITIALIZED_AUTOS = YES_AGGRESSIVE;
				GCC_WARN_UNUSED_FUNCTION = YES;
				GCC_WARN_UNUSED_VARIABLE = YES;
				IPHONEOS_DEPLOYMENT_TARGET = 15.5;
				MTL_ENABLE_DEBUG_INFO = NO;
				MTL_FAST_MATH = YES;
				SDKROOT = iphoneos;
				SWIFT_COMPILATION_MODE = wholemodule;
				SWIFT_OPTIMIZATION_LEVEL = "-O";
				VALIDATE_PRODUCT = YES;
			};
			name = Release;
		};
		1EA7304F288EABE9009F2809 /* Debug */ = {
			isa = XCBuildConfiguration;
			buildSettings = {
				ASSETCATALOG_COMPILER_APPICON_NAME = AppIcon;
				ASSETCATALOG_COMPILER_GLOBAL_ACCENT_COLOR_NAME = AccentColor;
				CODE_SIGN_STYLE = Automatic;
				CURRENT_PROJECT_VERSION = 1;
				DEVELOPMENT_ASSET_PATHS = "\"PictureMyWalk/Preview Content\"";
				DEVELOPMENT_TEAM = 97ZTE25D2E;
				ENABLE_PREVIEWS = YES;
				GENERATE_INFOPLIST_FILE = YES;
				INFOPLIST_FILE = PictureMyWalk/Info.plist;
				INFOPLIST_KEY_UIApplicationSceneManifest_Generation = YES;
				INFOPLIST_KEY_UIApplicationSupportsIndirectInputEvents = YES;
				INFOPLIST_KEY_UILaunchScreen_Generation = YES;
				INFOPLIST_KEY_UISupportedInterfaceOrientations_iPad = "UIInterfaceOrientationPortrait UIInterfaceOrientationPortraitUpsideDown UIInterfaceOrientationLandscapeLeft UIInterfaceOrientationLandscapeRight";
				INFOPLIST_KEY_UISupportedInterfaceOrientations_iPhone = "UIInterfaceOrientationPortrait UIInterfaceOrientationLandscapeLeft UIInterfaceOrientationLandscapeRight";
				LD_RUNPATH_SEARCH_PATHS = (
					"$(inherited)",
					"@executable_path/Frameworks",
				);
				MARKETING_VERSION = 1.0;
				PRODUCT_BUNDLE_IDENTIFIER = Angelina.PictureMyWalk;
				PRODUCT_NAME = "$(TARGET_NAME)";
				SWIFT_EMIT_LOC_STRINGS = YES;
				SWIFT_VERSION = 5.0;
				TARGETED_DEVICE_FAMILY = "1,2";
			};
			name = Debug;
		};
		1EA73050288EABE9009F2809 /* Release */ = {
			isa = XCBuildConfiguration;
			buildSettings = {
				ASSETCATALOG_COMPILER_APPICON_NAME = AppIcon;
				ASSETCATALOG_COMPILER_GLOBAL_ACCENT_COLOR_NAME = AccentColor;
				CODE_SIGN_STYLE = Automatic;
				CURRENT_PROJECT_VERSION = 1;
				DEVELOPMENT_ASSET_PATHS = "\"PictureMyWalk/Preview Content\"";
				DEVELOPMENT_TEAM = 97ZTE25D2E;
				ENABLE_PREVIEWS = YES;
				GENERATE_INFOPLIST_FILE = YES;
				INFOPLIST_FILE = PictureMyWalk/Info.plist;
				INFOPLIST_KEY_UIApplicationSceneManifest_Generation = YES;
				INFOPLIST_KEY_UIApplicationSupportsIndirectInputEvents = YES;
				INFOPLIST_KEY_UILaunchScreen_Generation = YES;
				INFOPLIST_KEY_UISupportedInterfaceOrientations_iPad = "UIInterfaceOrientationPortrait UIInterfaceOrientationPortraitUpsideDown UIInterfaceOrientationLandscapeLeft UIInterfaceOrientationLandscapeRight";
				INFOPLIST_KEY_UISupportedInterfaceOrientations_iPhone = "UIInterfaceOrientationPortrait UIInterfaceOrientationLandscapeLeft UIInterfaceOrientationLandscapeRight";
				LD_RUNPATH_SEARCH_PATHS = (
					"$(inherited)",
					"@executable_path/Frameworks",
				);
				MARKETING_VERSION = 1.0;
				PRODUCT_BUNDLE_IDENTIFIER = Angelina.PictureMyWalk;
				PRODUCT_NAME = "$(TARGET_NAME)";
				SWIFT_EMIT_LOC_STRINGS = YES;
				SWIFT_VERSION = 5.0;
				TARGETED_DEVICE_FAMILY = "1,2";
			};
			name = Release;
		};
		1EA73052288EABE9009F2809 /* Debug */ = {
			isa = XCBuildConfiguration;
			buildSettings = {
				ALWAYS_EMBED_SWIFT_STANDARD_LIBRARIES = YES;
				BUNDLE_LOADER = "$(TEST_HOST)";
				CODE_SIGN_STYLE = Automatic;
				CURRENT_PROJECT_VERSION = 1;
				DEVELOPMENT_TEAM = 97ZTE25D2E;
				GENERATE_INFOPLIST_FILE = YES;
				IPHONEOS_DEPLOYMENT_TARGET = 15.5;
				MARKETING_VERSION = 1.0;
				PRODUCT_BUNDLE_IDENTIFIER = Angelina.PictureMyWalkTests;
				PRODUCT_NAME = "$(TARGET_NAME)";
				SWIFT_EMIT_LOC_STRINGS = NO;
				SWIFT_VERSION = 5.0;
				TARGETED_DEVICE_FAMILY = "1,2";
				TEST_HOST = "$(BUILT_PRODUCTS_DIR)/PictureMyWalk.app/PictureMyWalk";
			};
			name = Debug;
		};
		1EA73053288EABE9009F2809 /* Release */ = {
			isa = XCBuildConfiguration;
			buildSettings = {
				ALWAYS_EMBED_SWIFT_STANDARD_LIBRARIES = YES;
				BUNDLE_LOADER = "$(TEST_HOST)";
				CODE_SIGN_STYLE = Automatic;
				CURRENT_PROJECT_VERSION = 1;
				DEVELOPMENT_TEAM = 97ZTE25D2E;
				GENERATE_INFOPLIST_FILE = YES;
				IPHONEOS_DEPLOYMENT_TARGET = 15.5;
				MARKETING_VERSION = 1.0;
				PRODUCT_BUNDLE_IDENTIFIER = Angelina.PictureMyWalkTests;
				PRODUCT_NAME = "$(TARGET_NAME)";
				SWIFT_EMIT_LOC_STRINGS = NO;
				SWIFT_VERSION = 5.0;
				TARGETED_DEVICE_FAMILY = "1,2";
				TEST_HOST = "$(BUILT_PRODUCTS_DIR)/PictureMyWalk.app/PictureMyWalk";
			};
			name = Release;
		};
		1EA73055288EABE9009F2809 /* Debug */ = {
			isa = XCBuildConfiguration;
			buildSettings = {
				ALWAYS_EMBED_SWIFT_STANDARD_LIBRARIES = YES;
				CODE_SIGN_STYLE = Automatic;
				CURRENT_PROJECT_VERSION = 1;
				DEVELOPMENT_TEAM = 97ZTE25D2E;
				GENERATE_INFOPLIST_FILE = YES;
				MARKETING_VERSION = 1.0;
				PRODUCT_BUNDLE_IDENTIFIER = Angelina.PictureMyWalkUITests;
				PRODUCT_NAME = "$(TARGET_NAME)";
				SWIFT_EMIT_LOC_STRINGS = NO;
				SWIFT_VERSION = 5.0;
				TARGETED_DEVICE_FAMILY = "1,2";
				TEST_TARGET_NAME = PictureMyWalk;
			};
			name = Debug;
		};
		1EA73056288EABE9009F2809 /* Release */ = {
			isa = XCBuildConfiguration;
			buildSettings = {
				ALWAYS_EMBED_SWIFT_STANDARD_LIBRARIES = YES;
				CODE_SIGN_STYLE = Automatic;
				CURRENT_PROJECT_VERSION = 1;
				DEVELOPMENT_TEAM = 97ZTE25D2E;
				GENERATE_INFOPLIST_FILE = YES;
				MARKETING_VERSION = 1.0;
				PRODUCT_BUNDLE_IDENTIFIER = Angelina.PictureMyWalkUITests;
				PRODUCT_NAME = "$(TARGET_NAME)";
				SWIFT_EMIT_LOC_STRINGS = NO;
				SWIFT_VERSION = 5.0;
				TARGETED_DEVICE_FAMILY = "1,2";
				TEST_TARGET_NAME = PictureMyWalk;
			};
			name = Release;
		};
/* End XCBuildConfiguration section */

/* Begin XCConfigurationList section */
		1EA73025288EABE8009F2809 /* Build configuration list for PBXProject "PictureMyWalk" */ = {
			isa = XCConfigurationList;
			buildConfigurations = (
				1EA7304C288EABE9009F2809 /* Debug */,
				1EA7304D288EABE9009F2809 /* Release */,
			);
			defaultConfigurationIsVisible = 0;
			defaultConfigurationName = Release;
		};
		1EA7304E288EABE9009F2809 /* Build configuration list for PBXNativeTarget "PictureMyWalk" */ = {
			isa = XCConfigurationList;
			buildConfigurations = (
				1EA7304F288EABE9009F2809 /* Debug */,
				1EA73050288EABE9009F2809 /* Release */,
			);
			defaultConfigurationIsVisible = 0;
			defaultConfigurationName = Release;
		};
		1EA73051288EABE9009F2809 /* Build configuration list for PBXNativeTarget "PictureMyWalkTests" */ = {
			isa = XCConfigurationList;
			buildConfigurations = (
				1EA73052288EABE9009F2809 /* Debug */,
				1EA73053288EABE9009F2809 /* Release */,
			);
			defaultConfigurationIsVisible = 0;
			defaultConfigurationName = Release;
		};
		1EA73054288EABE9009F2809 /* Build configuration list for PBXNativeTarget "PictureMyWalkUITests" */ = {
			isa = XCConfigurationList;
			buildConfigurations = (
				1EA73055288EABE9009F2809 /* Debug */,
				1EA73056288EABE9009F2809 /* Release */,
			);
			defaultConfigurationIsVisible = 0;
			defaultConfigurationName = Release;
		};
/* End XCConfigurationList section */
	};
	rootObject = 1EA73022288EABE8009F2809 /* Project object */;
}
